// !$*UTF8*$!
{
	archiveVersion = 1;
	classes = {
	};
	objectVersion = 55;
	objects = {

/* Begin PBXBuildFile section */
		FFA01FB1270CB33E00CB1205 /* main.swift in Sources */ = {isa = PBXBuildFile; fileRef = FFA01FB0270CB33E00CB1205 /* main.swift */; };
		FFA01FB8270CB34D00CB1205 /* bubble.swift in Sources */ = {isa = PBXBuildFile; fileRef = FFA01FB7270CB34D00CB1205 /* bubble.swift */; };
		FFA01FBA270CC08E00CB1205 /* mergeSort.swift in Sources */ = {isa = PBXBuildFile; fileRef = FFA01FB9270CC08E00CB1205 /* mergeSort.swift */; };
		FFA01FBC270CC0E600CB1205 /* quickSort.swift in Sources */ = {isa = PBXBuildFile; fileRef = FFA01FBB270CC0E600CB1205 /* quickSort.swift */; };
		FFCCF5CF270DA9B3006A47BF /* Kth.swift in Sources */ = {isa = PBXBuildFile; fileRef = FFCCF5CE270DA9B3006A47BF /* Kth.swift */; };
		FFCCF5D1270DAD40006A47BF /* max.swift in Sources */ = {isa = PBXBuildFile; fileRef = FFCCF5D0270DAD40006A47BF /* max.swift */; };
/* End PBXBuildFile section */

/* Begin PBXCopyFilesBuildPhase section */
		FFA01FAB270CB33E00CB1205 /* CopyFiles */ = {
			isa = PBXCopyFilesBuildPhase;
			buildActionMask = 2147483647;
			dstPath = /usr/share/man/man1/;
			dstSubfolderSpec = 0;
			files = (
			);
			runOnlyForDeploymentPostprocessing = 1;
		};
/* End PBXCopyFilesBuildPhase section */

/* Begin PBXFileReference section */
		FFA01FAD270CB33E00CB1205 /* 211006 */ = {isa = PBXFileReference; explicitFileType = "compiled.mach-o.executable"; includeInIndex = 0; path = 211006; sourceTree = BUILT_PRODUCTS_DIR; };
		FFA01FB0270CB33E00CB1205 /* main.swift */ = {isa = PBXFileReference; lastKnownFileType = sourcecode.swift; path = main.swift; sourceTree = "<group>"; };
		FFA01FB7270CB34D00CB1205 /* bubble.swift */ = {isa = PBXFileReference; lastKnownFileType = sourcecode.swift; path = bubble.swift; sourceTree = "<group>"; };
		FFA01FB9270CC08E00CB1205 /* mergeSort.swift */ = {isa = PBXFileReference; lastKnownFileType = sourcecode.swift; path = mergeSort.swift; sourceTree = "<group>"; };
		FFA01FBB270CC0E600CB1205 /* quickSort.swift */ = {isa = PBXFileReference; lastKnownFileType = sourcecode.swift; path = quickSort.swift; sourceTree = "<group>"; };
		FFCCF5CE270DA9B3006A47BF /* Kth.swift */ = {isa = PBXFileReference; lastKnownFileType = sourcecode.swift; path = Kth.swift; sourceTree = "<group>"; };
		FFCCF5D0270DAD40006A47BF /* max.swift */ = {isa = PBXFileReference; lastKnownFileType = sourcecode.swift; path = max.swift; sourceTree = "<group>"; };
/* End PBXFileReference section */

/* Begin PBXFrameworksBuildPhase section */
		FFA01FAA270CB33E00CB1205 /* Frameworks */ = {
			isa = PBXFrameworksBuildPhase;
			buildActionMask = 2147483647;
			files = (
			);
			runOnlyForDeploymentPostprocessing = 0;
		};
/* End PBXFrameworksBuildPhase section */

/* Begin PBXGroup section */
		FFA01FA4270CB33E00CB1205 = {
			isa = PBXGroup;
			children = (
				FFA01FAF270CB33E00CB1205 /* 211006 */,
				FFA01FAE270CB33E00CB1205 /* Products */,
			);
			sourceTree = "<group>";
		};
		FFA01FAE270CB33E00CB1205 /* Products */ = {
			isa = PBXGroup;
			children = (
				FFA01FAD270CB33E00CB1205 /* 211006 */,
			);
			name = Products;
			sourceTree = "<group>";
		};
		FFA01FAF270CB33E00CB1205 /* 211006 */ = {
			isa = PBXGroup;
			children = (
				FFA01FB0270CB33E00CB1205 /* main.swift */,
				FFA01FB7270CB34D00CB1205 /* bubble.swift */,
				FFA01FB9270CC08E00CB1205 /* mergeSort.swift */,
				FFA01FBB270CC0E600CB1205 /* quickSort.swift */,
				FFCCF5CE270DA9B3006A47BF /* Kth.swift */,
				FFCCF5D0270DAD40006A47BF /* max.swift */,
			);
			path = 211006;
			sourceTree = "<group>";
		};
/* End PBXGroup section */

/* Begin PBXNativeTarget section */
		FFA01FAC270CB33E00CB1205 /* 211006 */ = {
			isa = PBXNativeTarget;
			buildConfigurationList = FFA01FB4270CB33E00CB1205 /* Build configuration list for PBXNativeTarget "211006" */;
			buildPhases = (
				FFA01FA9270CB33E00CB1205 /* Sources */,
				FFA01FAA270CB33E00CB1205 /* Frameworks */,
				FFA01FAB270CB33E00CB1205 /* CopyFiles */,
			);
			buildRules = (
			);
			dependencies = (
			);
			name = 211006;
			productName = 211006;
			productReference = FFA01FAD270CB33E00CB1205 /* 211006 */;
			productType = "com.apple.product-type.tool";
		};
/* End PBXNativeTarget section */

/* Begin PBXProject section */
		FFA01FA5270CB33E00CB1205 /* Project object */ = {
			isa = PBXProject;
			attributes = {
				BuildIndependentTargetsInParallel = 1;
				LastSwiftUpdateCheck = 1300;
				LastUpgradeCheck = 1300;
				TargetAttributes = {
					FFA01FAC270CB33E00CB1205 = {
						CreatedOnToolsVersion = 13.0;
					};
				};
			};
			buildConfigurationList = FFA01FA8270CB33E00CB1205 /* Build configuration list for PBXProject "211006" */;
			compatibilityVersion = "Xcode 13.0";
			developmentRegion = en;
			hasScannedForEncodings = 0;
			knownRegions = (
				en,
				Base,
			);
			mainGroup = FFA01FA4270CB33E00CB1205;
			productRefGroup = FFA01FAE270CB33E00CB1205 /* Products */;
			projectDirPath = "";
			projectRoot = "";
			targets = (
				FFA01FAC270CB33E00CB1205 /* 211006 */,
			);
		};
/* End PBXProject section */

/* Begin PBXSourcesBuildPhase section */
		FFA01FA9270CB33E00CB1205 /* Sources */ = {
			isa = PBXSourcesBuildPhase;
			buildActionMask = 2147483647;
			files = (
				FFCCF5D1270DAD40006A47BF /* max.swift in Sources */,
				FFCCF5CF270DA9B3006A47BF /* Kth.swift in Sources */,
				FFA01FB1270CB33E00CB1205 /* main.swift in Sources */,
				FFA01FBA270CC08E00CB1205 /* mergeSort.swift in Sources */,
				FFA01FB8270CB34D00CB1205 /* bubble.swift in Sources */,
				FFA01FBC270CC0E600CB1205 /* quickSort.swift in Sources */,
			);
			runOnlyForDeploymentPostprocessing = 0;
		};
/* End PBXSourcesBuildPhase section */

/* Begin XCBuildConfiguration section */
		FFA01FB2270CB33E00CB1205 /* Debug */ = {
			isa = XCBuildConfiguration;
			buildSettings = {
				ALWAYS_SEARCH_USER_PATHS = NO;
				CLANG_ANALYZER_NONNULL = YES;
				CLANG_ANALYZER_NUMBER_OBJECT_CONVERSION = YES_AGGRESSIVE;
				CLANG_CXX_LANGUAGE_STANDARD = "gnu++17";
				CLANG_CXX_LIBRARY = "libc++";
				CLANG_ENABLE_MODULES = YES;
				CLANG_ENABLE_OBJC_ARC = YES;
				CLANG_ENABLE_OBJC_WEAK = YES;
				CLANG_WARN_BLOCK_CAPTURE_AUTORELEASING = YES;
				CLANG_WARN_BOOL_CONVERSION = YES;
				CLANG_WARN_COMMA = YES;
				CLANG_WARN_CONSTANT_CONVERSION = YES;
				CLANG_WARN_DEPRECATED_OBJC_IMPLEMENTATIONS = YES;
				CLANG_WARN_DIRECT_OBJC_ISA_USAGE = YES_ERROR;
				CLANG_WARN_DOCUMENTATION_COMMENTS = YES;
				CLANG_WARN_EMPTY_BODY = YES;
				CLANG_WARN_ENUM_CONVERSION = YES;
				CLANG_WARN_INFINITE_RECURSION = YES;
				CLANG_WARN_INT_CONVERSION = YES;
				CLANG_WARN_NON_LITERAL_NULL_CONVERSION = YES;
				CLANG_WARN_OBJC_IMPLICIT_RETAIN_SELF = YES;
				CLANG_WARN_OBJC_LITERAL_CONVERSION = YES;
				CLANG_WARN_OBJC_ROOT_CLASS = YES_ERROR;
				CLANG_WARN_QUOTED_INCLUDE_IN_FRAMEWORK_HEADER = YES;
				CLANG_WARN_RANGE_LOOP_ANALYSIS = YES;
				CLANG_WARN_STRICT_PROTOTYPES = YES;
				CLANG_WARN_SUSPICIOUS_MOVE = YES;
				CLANG_WARN_UNGUARDED_AVAILABILITY = YES_AGGRESSIVE;
				CLANG_WARN_UNREACHABLE_CODE = YES;
				CLANG_WARN__DUPLICATE_METHOD_MATCH = YES;
				COPY_PHASE_STRIP = NO;
				DEBUG_INFORMATION_FORMAT = dwarf;
				ENABLE_STRICT_OBJC_MSGSEND = YES;
				ENABLE_TESTABILITY = YES;
				GCC_C_LANGUAGE_STANDARD = gnu11;
				GCC_DYNAMIC_NO_PIC = NO;
				GCC_NO_COMMON_BLOCKS = YES;
				GCC_OPTIMIZATION_LEVEL = 0;
				GCC_PREPROCESSOR_DEFINITIONS = (
					"DEBUG=1",
					"$(inherited)",
				);
				GCC_WARN_64_TO_32_BIT_CONVERSION = YES;
				GCC_WARN_ABOUT_RETURN_TYPE = YES_ERROR;
				GCC_WARN_UNDECLARED_SELECTOR = YES;
				GCC_WARN_UNINITIALIZED_AUTOS = YES_AGGRESSIVE;
				GCC_WARN_UNUSED_FUNCTION = YES;
				GCC_WARN_UNUSED_VARIABLE = YES;
				MACOSX_DEPLOYMENT_TARGET = 11.3;
				MTL_ENABLE_DEBUG_INFO = INCLUDE_SOURCE;
				MTL_FAST_MATH = YES;
				ONLY_ACTIVE_ARCH = YES;
				SDKROOT = macosx;
				SWIFT_ACTIVE_COMPILATION_CONDITIONS = DEBUG;
				SWIFT_OPTIMIZATION_LEVEL = "-Onone";
			};
			name = Debug;
		};
		FFA01FB3270CB33E00CB1205 /* Release */ = {
			isa = XCBuildConfiguration;
			buildSettings = {
				ALWAYS_SEARCH_USER_PATHS = NO;
				CLANG_ANALYZER_NONNULL = YES;
				CLANG_ANALYZER_NUMBER_OBJECT_CONVERSION = YES_AGGRESSIVE;
				CLANG_CXX_LANGUAGE_STANDARD = "gnu++17";
				CLANG_CXX_LIBRARY = "libc++";
				CLANG_ENABLE_MODULES = YES;
				CLANG_ENABLE_OBJC_ARC = YES;
				CLANG_ENABLE_OBJC_WEAK = YES;
				CLANG_WARN_BLOCK_CAPTURE_AUTORELEASING = YES;
				CLANG_WARN_BOOL_CONVERSION = YES;
				CLANG_WARN_COMMA = YES;
				CLANG_WARN_CONSTANT_CONVERSION = YES;
				CLANG_WARN_DEPRECATED_OBJC_IMPLEMENTATIONS = YES;
				CLANG_WARN_DIRECT_OBJC_ISA_USAGE = YES_ERROR;
				CLANG_WARN_DOCUMENTATION_COMMENTS = YES;
				CLANG_WARN_EMPTY_BODY = YES;
				CLANG_WARN_ENUM_CONVERSION = YES;
				CLANG_WARN_INFINITE_RECURSION = YES;
				CLANG_WARN_INT_CONVERSION = YES;
				CLANG_WARN_NON_LITERAL_NULL_CONVERSION = YES;
				CLANG_WARN_OBJC_IMPLICIT_RETAIN_SELF = YES;
				CLANG_WARN_OBJC_LITERAL_CONVERSION = YES;
				CLANG_WARN_OBJC_ROOT_CLASS = YES_ERROR;
				CLANG_WARN_QUOTED_INCLUDE_IN_FRAMEWORK_HEADER = YES;
				CLANG_WARN_RANGE_LOOP_ANALYSIS = YES;
				CLANG_WARN_STRICT_PROTOTYPES = YES;
				CLANG_WARN_SUSPICIOUS_MOVE = YES;
				CLANG_WARN_UNGUARDED_AVAILABILITY = YES_AGGRESSIVE;
				CLANG_WARN_UNREACHABLE_CODE = YES;
				CLANG_WARN__DUPLICATE_METHOD_MATCH = YES;
				COPY_PHASE_STRIP = NO;
				DEBUG_INFORMATION_FORMAT = "dwarf-with-dsym";
				ENABLE_NS_ASSERTIONS = NO;
				ENABLE_STRICT_OBJC_MSGSEND = YES;
				GCC_C_LANGUAGE_STANDARD = gnu11;
				GCC_NO_COMMON_BLOCKS = YES;
				GCC_WARN_64_TO_32_BIT_CONVERSION = YES;
				GCC_WARN_ABOUT_RETURN_TYPE = YES_ERROR;
				GCC_WARN_UNDECLARED_SELECTOR = YES;
				GCC_WARN_UNINITIALIZED_AUTOS = YES_AGGRESSIVE;
				GCC_WARN_UNUSED_FUNCTION = YES;
				GCC_WARN_UNUSED_VARIABLE = YES;
				MACOSX_DEPLOYMENT_TARGET = 11.3;
				MTL_ENABLE_DEBUG_INFO = NO;
				MTL_FAST_MATH = YES;
				SDKROOT = macosx;
				SWIFT_COMPILATION_MODE = wholemodule;
				SWIFT_OPTIMIZATION_LEVEL = "-O";
			};
			name = Release;
		};
		FFA01FB5270CB33E00CB1205 /* Debug */ = {
			isa = XCBuildConfiguration;
			buildSettings = {
				CODE_SIGN_STYLE = Automatic;
				PRODUCT_NAME = "$(TARGET_NAME)";
				SWIFT_VERSION = 5.0;
			};
			name = Debug;
		};
		FFA01FB6270CB33E00CB1205 /* Release */ = {
			isa = XCBuildConfiguration;
			buildSettings = {
				CODE_SIGN_STYLE = Automatic;
				PRODUCT_NAME = "$(TARGET_NAME)";
				SWIFT_VERSION = 5.0;
			};
			name = Release;
		};
/* End XCBuildConfiguration section */

/* Begin XCConfigurationList section */
		FFA01FA8270CB33E00CB1205 /* Build configuration list for PBXProject "211006" */ = {
			isa = XCConfigurationList;
			buildConfigurations = (
				FFA01FB2270CB33E00CB1205 /* Debug */,
				FFA01FB3270CB33E00CB1205 /* Release */,
			);
			defaultConfigurationIsVisible = 0;
			defaultConfigurationName = Release;
		};
		FFA01FB4270CB33E00CB1205 /* Build configuration list for PBXNativeTarget "211006" */ = {
			isa = XCConfigurationList;
			buildConfigurations = (
				FFA01FB5270CB33E00CB1205 /* Debug */,
				FFA01FB6270CB33E00CB1205 /* Release */,
			);
			defaultConfigurationIsVisible = 0;
			defaultConfigurationName = Release;
		};
/* End XCConfigurationList section */
	};
	rootObject = FFA01FA5270CB33E00CB1205 /* Project object */;
}
